
Microsoft Visual Studio Solution File, Format Version 12.00
# Visual Studio Version 16
VisualStudioVersion = 16.0.30804.86
MinimumVisualStudioVersion = 10.0.40219.1
Project("{FAE04EC0-301F-11D3-BF4B-00C04F79EFBC}") = "VistaReporteador", "VistaReporteador\VistaReporteador.csproj", "{A31914DD-BA09-4686-B715-89918177B130}"
EndProject
Project("{FAE04EC0-301F-11D3-BF4B-00C04F79EFBC}") = "ModeloReporteador", "ModeloReporteador\ModeloReporteador.csproj", "{BA4AFC13-FE48-42D5-B435-52750776089A}"
EndProject
Project("{FAE04EC0-301F-11D3-BF4B-00C04F79EFBC}") = "ControladorReporteador", "ControladorReporteador\ControladorReporteador.csproj", "{9C7F2D91-042C-4285-8767-5C05872D92C2}"
EndProject
Global
	GlobalSection(SolutionConfigurationPlatforms) = preSolution
		Debug|Any CPU = Debug|Any CPU
		Release|Any CPU = Release|Any CPU
	EndGlobalSection
	GlobalSection(ProjectConfigurationPlatforms) = postSolution
		{A31914DD-BA09-4686-B715-89918177B130}.Debug|Any CPU.ActiveCfg = Debug|Any CPU
		{A31914DD-BA09-4686-B715-89918177B130}.Debug|Any CPU.Build.0 = Debug|Any CPU
		{A31914DD-BA09-4686-B715-89918177B130}.Release|Any CPU.ActiveCfg = Release|Any CPU
		{A31914DD-BA09-4686-B715-89918177B130}.Release|Any CPU.Build.0 = Release|Any CPU
		{BA4AFC13-FE48-42D5-B435-52750776089A}.Debug|Any CPU.ActiveCfg = Debug|Any CPU
		{BA4AFC13-FE48-42D5-B435-52750776089A}.Debug|Any CPU.Build.0 = Debug|Any CPU
		{BA4AFC13-FE48-42D5-B435-52750776089A}.Release|Any CPU.ActiveCfg = Release|Any CPU
		{BA4AFC13-FE48-42D5-B435-52750776089A}.Release|Any CPU.Build.0 = Release|Any CPU
		{9C7F2D91-042C-4285-8767-5C05872D92C2}.Debug|Any CPU.ActiveCfg = Debug|Any CPU
		{9C7F2D91-042C-4285-8767-5C05872D92C2}.Debug|Any CPU.Build.0 = Debug|Any CPU
		{9C7F2D91-042C-4285-8767-5C05872D92C2}.Release|Any CPU.ActiveCfg = Release|Any CPU
		{9C7F2D91-042C-4285-8767-5C05872D92C2}.Release|Any CPU.Build.0 = Release|Any CPU
	EndGlobalSection
	GlobalSection(SolutionProperties) = preSolution
		HideSolutionNode = FALSE
	EndGlobalSection
	GlobalSection(ExtensibilityGlobals) = postSolution
		SolutionGuid = {04A28FC5-B6EC-4E6B-B14E-80D18D930A48}
	EndGlobalSection
EndGlobal
